
Microsoft Visual Studio Solution File, Format Version 12.00
Project("{FAE04EC0-301F-11D3-BF4B-00C04F79EFBC}") = "BillInsight", "BillInsight\BillInsight.csproj", "{3E5AD7E9-F9B1-4734-AC7E-14CD77F8880C}"
EndProject
Project("{FAE04EC0-301F-11D3-BF4B-00C04F79EFBC}") = "BillInsight.Core", "BillInsight.Core\BillInsight.Core.csproj", "{3F790302-0411-43D0-BFAA-D7E1C1191302}"
EndProject
Global
	GlobalSection(SolutionConfigurationPlatforms) = preSolution
		Debug|Any CPU = Debug|Any CPU
		Release|Any CPU = Release|Any CPU
	EndGlobalSection
	GlobalSection(ProjectConfigurationPlatforms) = postSolution
		{3E5AD7E9-F9B1-4734-AC7E-14CD77F8880C}.Debug|Any CPU.ActiveCfg = Debug|Any CPU
		{3E5AD7E9-F9B1-4734-AC7E-14CD77F8880C}.Debug|Any CPU.Build.0 = Debug|Any CPU
		{3E5AD7E9-F9B1-4734-AC7E-14CD77F8880C}.Release|Any CPU.ActiveCfg = Release|Any CPU
		{3E5AD7E9-F9B1-4734-AC7E-14CD77F8880C}.Release|Any CPU.Build.0 = Release|Any CPU
		{3F790302-0411-43D0-BFAA-D7E1C1191302}.Debug|Any CPU.ActiveCfg = Debug|Any CPU
		{3F790302-0411-43D0-BFAA-D7E1C1191302}.Debug|Any CPU.Build.0 = Debug|Any CPU
		{3F790302-0411-43D0-BFAA-D7E1C1191302}.Release|Any CPU.ActiveCfg = Release|Any CPU
		{3F790302-0411-43D0-BFAA-D7E1C1191302}.Release|Any CPU.Build.0 = Release|Any CPU
	EndGlobalSection
EndGlobal
